
Microsoft Visual Studio Solution File, Format Version 12.00
# Visual Studio Version 16
VisualStudioVersion = 16.0.32802.440
MinimumVisualStudioVersion = 10.0.40219.1
Project("{FAE04EC0-301F-11D3-BF4B-00C04F79EFBC}") = "ApiMercadoLivre", "ApiMercadoLivre\ApiMercadoLivre.csproj", "{92B6BE39-9488-4A7E-8D3F-8891C298D28D}"
EndProject
Global
	GlobalSection(SolutionConfigurationPlatforms) = preSolution
		Debug|Any CPU = Debug|Any CPU
		Release|Any CPU = Release|Any CPU
	EndGlobalSection
	GlobalSection(ProjectConfigurationPlatforms) = postSolution
		{92B6BE39-9488-4A7E-8D3F-8891C298D28D}.Debug|Any CPU.ActiveCfg = Debug|Any CPU
		{92B6BE39-9488-4A7E-8D3F-8891C298D28D}.Debug|Any CPU.Build.0 = Debug|Any CPU
		{92B6BE39-9488-4A7E-8D3F-8891C298D28D}.Release|Any CPU.ActiveCfg = Release|Any CPU
		{92B6BE39-9488-4A7E-8D3F-8891C298D28D}.Release|Any CPU.Build.0 = Release|Any CPU
	EndGlobalSection
	GlobalSection(SolutionProperties) = preSolution
		HideSolutionNode = FALSE
	EndGlobalSection
	GlobalSection(ExtensibilityGlobals) = postSolution
		SolutionGuid = {79BDA4ED-BC6B-4759-8EE4-2C80B7BF0EB6}
	EndGlobalSection
EndGlobal
